<?xml version="1.0" encoding="UTF-8"?>
<Scheme
   LastUpgradeVersion = "1340"
   version = "1.3">
   <BuildAction
      parallelizeBuildables = "YES"
      buildImplicitDependencies = "YES">
      <BuildActionEntries>
         <BuildActionEntry
            buildForTesting = "YES"
            buildForRunning = "YES"
            buildForProfiling = "YES"
            buildForArchiving = "YES"
            buildForAnalyzing = "YES">
            <BuildableReference
               BuildableIdentifier = "primary"
               BlueprintIdentifier = "49451D7D284509E500158C6D"
               BuildableName = "ARACNe3"
               BlueprintName = "ARACNe3"
               ReferencedContainer = "container:ARACNe3.xcodeproj">
            </BuildableReference>
         </BuildActionEntry>
      </BuildActionEntries>
   </BuildAction>
   <TestAction
      buildConfiguration = "Debug"
      selectedDebuggerIdentifier = "Xcode.DebuggerFoundation.Debugger.LLDB"
      selectedLauncherIdentifier = "Xcode.DebuggerFoundation.Launcher.LLDB"
      shouldUseLaunchSchemeArgsEnv = "YES">
      <Testables>
      </Testables>
   </TestAction>
   <LaunchAction
      buildConfiguration = "Debug"
      selectedDebuggerIdentifier = "Xcode.DebuggerFoundation.Debugger.LLDB"
      selectedLauncherIdentifier = "Xcode.DebuggerFoundation.Launcher.LLDB"
      enableASanStackUseAfterReturn = "YES"
      launchStyle = "0"
      useCustomWorkingDirectory = "YES"
      customWorkingDirectory = "/Users/andrew/Library/CloudStorage/OneDrive-Personal/Columbia/Califano Lab/Califano Git/ARACNe3-CPP"
      ignoresPersistentStateOnLaunch = "NO"
      debugDocumentVersioning = "YES"
      debugServiceExtension = "internal"
      allowLocationSimulation = "YES">
      <BuildableProductRunnable
         runnableDebuggingMode = "0">
         <BuildableReference
            BuildableIdentifier = "primary"
            BlueprintIdentifier = "49451D7D284509E500158C6D"
            BuildableName = "ARACNe3"
            BlueprintName = "ARACNe3"
            ReferencedContainer = "container:ARACNe3.xcodeproj">
         </BuildableReference>
      </BuildableProductRunnable>
      <CommandLineArguments>
         <CommandLineArgument
            argument = "-e test/debug/exp_mat_debug.txt -r test/debug/regulators_debug2.txt -o /Users/andrew/Desktop/a3/output --subsample 0.63 --seed 23 --numnulls 500001 --alpha 0.05 --FDR -x 5"
            isEnabled = "NO">
         </CommandLineArgument>
         <CommandLineArgument
            argument = "-e test/debug/ap_exp_mat.txt -r test/debug/ap_regulators.txt -o test/output --subsample 0.50"
            isEnabled = "NO">
         </CommandLineArgument>
         <CommandLineArgument
            argument = "-e test/exp_mat.txt -r test/regulators.txt -o /Users/andrew/Desktop/a3/output -x 8"
            isEnabled = "NO">
         </CommandLineArgument>
         <CommandLineArgument
            argument = "-e /Users/andrew/Desktop/a3/test/fun_mat.txt -r /Users/andrew/Desktop/a3/test/fun_reg.txt -o /Users/andrew/Desktop/a3/outputfun"
            isEnabled = "NO">
         </CommandLineArgument>
         <CommandLineArgument
            argument = "-e /Users/andrew/Desktop/a3/test/exp_mat.txt -r /Users/andrew/Desktop/a3/test/regulators.txt -o /Users/andrew/Desktop/a3/output"
            isEnabled = "YES">
         </CommandLineArgument>
         <CommandLineArgument
            argument = "-e test/debug/exp_mat_debug.txt -r test/debug/regulators_debug3.txt -o /Users/andrew/Desktop/a3/output --subsample 0.63 --seed 23 --numnulls 500001 --alpha 0.05 --FDR"
            isEnabled = "NO">
         </CommandLineArgument>
      </CommandLineArguments>
      <AdditionalOptions>
         <AdditionalOption
            key = "MallocStackLogging"
            value = ""
            isEnabled = "YES">
         </AdditionalOption>
         <AdditionalOption
            key = "DYLD_INSERT_LIBRARIES"
            value = "/usr/lib/libgmalloc.dylib"
            isEnabled = "YES">
         </AdditionalOption>
         <AdditionalOption
            key = "PrefersMallocStackLoggingLite"
            value = ""
            isEnabled = "YES">
         </AdditionalOption>
         <AdditionalOption
            key = "NSZombieEnabled"
            value = "YES"
            isEnabled = "YES">
         </AdditionalOption>
         <AdditionalOption
            key = "MallocGuardEdges"
            value = ""
            isEnabled = "YES">
         </AdditionalOption>
         <AdditionalOption
            key = "MallocScribble"
            value = ""
            isEnabled = "YES">
         </AdditionalOption>
      </AdditionalOptions>
   </LaunchAction>
   <ProfileAction
      buildConfiguration = "Release"
      shouldUseLaunchSchemeArgsEnv = "YES"
      savedToolIdentifier = ""
      useCustomWorkingDirectory = "NO"
      debugDocumentVersioning = "YES">
      <BuildableProductRunnable
         runnableDebuggingMode = "0">
         <BuildableReference
            BuildableIdentifier = "primary"
            BlueprintIdentifier = "49451D7D284509E500158C6D"
            BuildableName = "ARACNe3"
            BlueprintName = "ARACNe3"
            ReferencedContainer = "container:ARACNe3.xcodeproj">
         </BuildableReference>
      </BuildableProductRunnable>
   </ProfileAction>
   <AnalyzeAction
      buildConfiguration = "Debug">
   </AnalyzeAction>
   <ArchiveAction
      buildConfiguration = "Release"
      revealArchiveInOrganizer = "YES">
   </ArchiveAction>
</Scheme>
