
Microsoft Visual Studio Solution File, Format Version 12.00
# Visual Studio Version 17
VisualStudioVersion = 17.3.32611.2
MinimumVisualStudioVersion = 10.0.40219.1
Project("{8BC9CEB8-8B4A-11D0-8D11-00A0C91BC942}") = "ARACNe3.vsproj", "ARACNe3.vsproj.vcxproj", "{E6B8AF1F-615B-48ED-A6E3-172B6C0CF59B}"
EndProject
Global
	GlobalSection(SolutionConfigurationPlatforms) = preSolution
		Release|ARM64 = Release|ARM64
		Release|x64 = Release|x64
	EndGlobalSection
	GlobalSection(ProjectConfigurationPlatforms) = postSolution
		{E6B8AF1F-615B-48ED-A6E3-172B6C0CF59B}.Release|ARM64.ActiveCfg = Release|ARM64
		{E6B8AF1F-615B-48ED-A6E3-172B6C0CF59B}.Release|ARM64.Build.0 = Release|ARM64
		{E6B8AF1F-615B-48ED-A6E3-172B6C0CF59B}.Release|x64.ActiveCfg = Release|x64
		{E6B8AF1F-615B-48ED-A6E3-172B6C0CF59B}.Release|x64.Build.0 = Release|x64
	EndGlobalSection
	GlobalSection(SolutionProperties) = preSolution
		HideSolutionNode = FALSE
	EndGlobalSection
	GlobalSection(ExtensibilityGlobals) = postSolution
		SolutionGuid = {A5F0A7A8-7BFF-4A40-BC79-DF479FF66834}
	EndGlobalSection
EndGlobal
