// !$*UTF8*$!
{
	archiveVersion = 1;
	classes = {
	};
	objectVersion = 55;
	objects = {

/* Begin PBXBuildFile section */
		49451D9028450A1300158C6D /* APMI.cpp in Sources */ = {isa = PBXBuildFile; fileRef = 49451D8828450A1300158C6D /* APMI.cpp */; };
		49451D9128450A1300158C6D /* ARACNe3.cpp in Sources */ = {isa = PBXBuildFile; fileRef = 49451D8928450A1300158C6D /* ARACNe3.cpp */; };
		49451D9328450A1300158C6D /* MatrixReglistIO.cpp in Sources */ = {isa = PBXBuildFile; fileRef = 49451D8D28450A1300158C6D /* MatrixReglistIO.cpp */; };
		49451D9428450A1300158C6D /* NullModel.cpp in Sources */ = {isa = PBXBuildFile; fileRef = 49451D8E28450A1300158C6D /* NullModel.cpp */; };
		49451D9628453A0700158C6D /* ARACNe3.hpp in Headers */ = {isa = PBXBuildFile; fileRef = 49451D8C28450A1300158C6D /* ARACNe3.hpp */; };
		49F6F59A2846988200C681BC /* RegWebFns.cpp in Sources */ = {isa = PBXBuildFile; fileRef = 49F6F5982846988200C681BC /* RegWebFns.cpp */; };
		49F6F59D2846A73400C681BC /* FDRPruning.cpp in Sources */ = {isa = PBXBuildFile; fileRef = 49F6F59C2846A73400C681BC /* FDRPruning.cpp */; };
		49F6F5A02846A75100C681BC /* MaxEntPruning.cpp in Sources */ = {isa = PBXBuildFile; fileRef = 49F6F59E2846A75100C681BC /* MaxEntPruning.cpp */; };
/* End PBXBuildFile section */

/* Begin PBXCopyFilesBuildPhase section */
		49451D7C284509E500158C6D /* CopyFiles */ = {
			isa = PBXCopyFilesBuildPhase;
			buildActionMask = 2147483647;
			dstPath = /usr/share/man/man1/;
			dstSubfolderSpec = 0;
			files = (
			);
			runOnlyForDeploymentPostprocessing = 1;
		};
/* End PBXCopyFilesBuildPhase section */

/* Begin PBXFileReference section */
		49451D7E284509E500158C6D /* ARACNe3 */ = {isa = PBXFileReference; explicitFileType = "compiled.mach-o.executable"; includeInIndex = 0; path = ARACNe3; sourceTree = BUILT_PRODUCTS_DIR; };
		49451D8828450A1300158C6D /* APMI.cpp */ = {isa = PBXFileReference; fileEncoding = 4; indentWidth = 8; lastKnownFileType = sourcecode.cpp.cpp; path = APMI.cpp; sourceTree = "<group>"; tabWidth = 8; };
		49451D8928450A1300158C6D /* ARACNe3.cpp */ = {isa = PBXFileReference; fileEncoding = 4; indentWidth = 8; lastKnownFileType = sourcecode.cpp.cpp; path = ARACNe3.cpp; sourceTree = "<group>"; tabWidth = 8; };
		49451D8A28450A1300158C6D /* test */ = {isa = PBXFileReference; lastKnownFileType = folder; path = test; sourceTree = "<group>"; };
		49451D8C28450A1300158C6D /* ARACNe3.hpp */ = {isa = PBXFileReference; fileEncoding = 4; indentWidth = 8; lastKnownFileType = sourcecode.cpp.h; path = ARACNe3.hpp; sourceTree = "<group>"; tabWidth = 8; };
		49451D8D28450A1300158C6D /* MatrixReglistIO.cpp */ = {isa = PBXFileReference; fileEncoding = 4; indentWidth = 8; lastKnownFileType = sourcecode.cpp.cpp; path = MatrixReglistIO.cpp; sourceTree = "<group>"; tabWidth = 8; };
		49451D8E28450A1300158C6D /* NullModel.cpp */ = {isa = PBXFileReference; fileEncoding = 4; indentWidth = 8; lastKnownFileType = sourcecode.cpp.cpp; path = NullModel.cpp; sourceTree = "<group>"; tabWidth = 8; };
		49451D8F28450A1300158C6D /* README.md */ = {isa = PBXFileReference; fileEncoding = 4; indentWidth = 8; lastKnownFileType = net.daringfireball.markdown; path = README.md; sourceTree = "<group>"; tabWidth = 8; };
		49451DA7284563D300158C6D /* ARACNe3_R.cpp */ = {isa = PBXFileReference; lastKnownFileType = sourcecode.cpp.cpp; path = ARACNe3_R.cpp; sourceTree = "<group>"; };
		49F6F5982846988200C681BC /* RegWebFns.cpp */ = {isa = PBXFileReference; lastKnownFileType = sourcecode.cpp.cpp; path = RegWebFns.cpp; sourceTree = "<group>"; };
		49F6F59C2846A73400C681BC /* FDRPruning.cpp */ = {isa = PBXFileReference; lastKnownFileType = sourcecode.cpp.cpp; path = FDRPruning.cpp; sourceTree = "<group>"; };
		49F6F59E2846A75100C681BC /* MaxEntPruning.cpp */ = {isa = PBXFileReference; lastKnownFileType = sourcecode.cpp.cpp; path = MaxEntPruning.cpp; sourceTree = "<group>"; };
/* End PBXFileReference section */

/* Begin PBXFrameworksBuildPhase section */
		49451D7B284509E500158C6D /* Frameworks */ = {
			isa = PBXFrameworksBuildPhase;
			buildActionMask = 2147483647;
			files = (
			);
			runOnlyForDeploymentPostprocessing = 0;
		};
/* End PBXFrameworksBuildPhase section */

/* Begin PBXGroup section */
		49451D75284509E500158C6D = {
			isa = PBXGroup;
			children = (
				49451D8C28450A1300158C6D /* ARACNe3.hpp */,
				49451D8928450A1300158C6D /* ARACNe3.cpp */,
				49451D8E28450A1300158C6D /* NullModel.cpp */,
				49451D8D28450A1300158C6D /* MatrixReglistIO.cpp */,
				49451D8828450A1300158C6D /* APMI.cpp */,
				49F6F59C2846A73400C681BC /* FDRPruning.cpp */,
				49F6F59E2846A75100C681BC /* MaxEntPruning.cpp */,
				49F6F5982846988200C681BC /* RegWebFns.cpp */,
				49451D8F28450A1300158C6D /* README.md */,
				49451DA7284563D300158C6D /* ARACNe3_R.cpp */,
				49451D8A28450A1300158C6D /* test */,
				49451D7F284509E500158C6D /* Products */,
			);
			sourceTree = "<group>";
			usesTabs = 1;
		};
		49451D7F284509E500158C6D /* Products */ = {
			isa = PBXGroup;
			children = (
				49451D7E284509E500158C6D /* ARACNe3 */,
			);
			name = Products;
			sourceTree = "<group>";
		};
/* End PBXGroup section */

/* Begin PBXHeadersBuildPhase section */
		49451D95284539FC00158C6D /* Headers */ = {
			isa = PBXHeadersBuildPhase;
			buildActionMask = 2147483647;
			files = (
				49451D9628453A0700158C6D /* ARACNe3.hpp in Headers */,
			);
			runOnlyForDeploymentPostprocessing = 0;
		};
/* End PBXHeadersBuildPhase section */

/* Begin PBXNativeTarget section */
		49451D7D284509E500158C6D /* ARACNe3 */ = {
			isa = PBXNativeTarget;
			buildConfigurationList = 49451D85284509E500158C6D /* Build configuration list for PBXNativeTarget "ARACNe3" */;
			buildPhases = (
				49451D95284539FC00158C6D /* Headers */,
				49451D7A284509E500158C6D /* Sources */,
				49451D7B284509E500158C6D /* Frameworks */,
				49451D7C284509E500158C6D /* CopyFiles */,
			);
			buildRules = (
			);
			dependencies = (
			);
			name = ARACNe3;
			productName = ARACNe3;
			productReference = 49451D7E284509E500158C6D /* ARACNe3 */;
			productType = "com.apple.product-type.tool";
		};
/* End PBXNativeTarget section */

/* Begin PBXProject section */
		49451D76284509E500158C6D /* Project object */ = {
			isa = PBXProject;
			attributes = {
				BuildIndependentTargetsInParallel = 1;
				LastUpgradeCheck = 1340;
				TargetAttributes = {
					49451D7D284509E500158C6D = {
						CreatedOnToolsVersion = 13.4;
					};
				};
			};
			buildConfigurationList = 49451D79284509E500158C6D /* Build configuration list for PBXProject "ARACNe3" */;
			compatibilityVersion = "Xcode 13.0";
			developmentRegion = en;
			hasScannedForEncodings = 0;
			knownRegions = (
				en,
				Base,
			);
			mainGroup = 49451D75284509E500158C6D;
			productRefGroup = 49451D7F284509E500158C6D /* Products */;
			projectDirPath = "";
			projectRoot = "";
			targets = (
				49451D7D284509E500158C6D /* ARACNe3 */,
			);
		};
/* End PBXProject section */

/* Begin PBXSourcesBuildPhase section */
		49451D7A284509E500158C6D /* Sources */ = {
			isa = PBXSourcesBuildPhase;
			buildActionMask = 2147483647;
			files = (
				49451D9428450A1300158C6D /* NullModel.cpp in Sources */,
				49451D9028450A1300158C6D /* APMI.cpp in Sources */,
				49F6F59A2846988200C681BC /* RegWebFns.cpp in Sources */,
				49451D9128450A1300158C6D /* ARACNe3.cpp in Sources */,
				49F6F5A02846A75100C681BC /* MaxEntPruning.cpp in Sources */,
				49F6F59D2846A73400C681BC /* FDRPruning.cpp in Sources */,
				49451D9328450A1300158C6D /* MatrixReglistIO.cpp in Sources */,
			);
			runOnlyForDeploymentPostprocessing = 0;
		};
/* End PBXSourcesBuildPhase section */

/* Begin XCBuildConfiguration section */
		49451D83284509E500158C6D /* Debug */ = {
			isa = XCBuildConfiguration;
			buildSettings = {
				ALWAYS_SEARCH_USER_PATHS = NO;
				CLANG_ANALYZER_NONNULL = YES;
				CLANG_ANALYZER_NUMBER_OBJECT_CONVERSION = YES_AGGRESSIVE;
				CLANG_CXX_LANGUAGE_STANDARD = "gnu++20";
				CLANG_ENABLE_MODULES = YES;
				CLANG_ENABLE_OBJC_ARC = YES;
				CLANG_ENABLE_OBJC_WEAK = YES;
				CLANG_WARN_BLOCK_CAPTURE_AUTORELEASING = YES;
				CLANG_WARN_BOOL_CONVERSION = YES;
				CLANG_WARN_COMMA = YES;
				CLANG_WARN_CONSTANT_CONVERSION = YES;
				CLANG_WARN_DEPRECATED_OBJC_IMPLEMENTATIONS = YES;
				CLANG_WARN_DIRECT_OBJC_ISA_USAGE = YES_ERROR;
				CLANG_WARN_DOCUMENTATION_COMMENTS = YES;
				CLANG_WARN_EMPTY_BODY = YES;
				CLANG_WARN_ENUM_CONVERSION = YES;
				CLANG_WARN_INFINITE_RECURSION = YES;
				CLANG_WARN_INT_CONVERSION = YES;
				CLANG_WARN_NON_LITERAL_NULL_CONVERSION = YES;
				CLANG_WARN_OBJC_IMPLICIT_RETAIN_SELF = YES;
				CLANG_WARN_OBJC_LITERAL_CONVERSION = YES;
				CLANG_WARN_OBJC_ROOT_CLASS = YES_ERROR;
				CLANG_WARN_QUOTED_INCLUDE_IN_FRAMEWORK_HEADER = YES;
				CLANG_WARN_RANGE_LOOP_ANALYSIS = YES;
				CLANG_WARN_STRICT_PROTOTYPES = YES;
				CLANG_WARN_SUSPICIOUS_MOVE = YES;
				CLANG_WARN_UNGUARDED_AVAILABILITY = YES_AGGRESSIVE;
				CLANG_WARN_UNREACHABLE_CODE = YES;
				CLANG_WARN__DUPLICATE_METHOD_MATCH = YES;
				COPY_PHASE_STRIP = NO;
				DEBUG_INFORMATION_FORMAT = dwarf;
				ENABLE_STRICT_OBJC_MSGSEND = YES;
				ENABLE_TESTABILITY = YES;
				GCC_C_LANGUAGE_STANDARD = gnu11;
				GCC_DYNAMIC_NO_PIC = NO;
				GCC_NO_COMMON_BLOCKS = YES;
				GCC_OPTIMIZATION_LEVEL = 0;
				GCC_PREPROCESSOR_DEFINITIONS = (
					"DEBUG=1",
					"$(inherited)",
				);
				GCC_WARN_64_TO_32_BIT_CONVERSION = YES;
				GCC_WARN_ABOUT_RETURN_TYPE = YES_ERROR;
				GCC_WARN_UNDECLARED_SELECTOR = YES;
				GCC_WARN_UNINITIALIZED_AUTOS = YES_AGGRESSIVE;
				GCC_WARN_UNUSED_FUNCTION = YES;
				GCC_WARN_UNUSED_VARIABLE = YES;
				MACOSX_DEPLOYMENT_TARGET = 12.3;
				MTL_ENABLE_DEBUG_INFO = INCLUDE_SOURCE;
				MTL_FAST_MATH = YES;
				ONLY_ACTIVE_ARCH = YES;
				SDKROOT = macosx;
			};
			name = Debug;
		};
		49451D84284509E500158C6D /* Release */ = {
			isa = XCBuildConfiguration;
			buildSettings = {
				ALWAYS_SEARCH_USER_PATHS = NO;
				CLANG_ANALYZER_NONNULL = YES;
				CLANG_ANALYZER_NUMBER_OBJECT_CONVERSION = YES_AGGRESSIVE;
				CLANG_CXX_LANGUAGE_STANDARD = "gnu++20";
				CLANG_ENABLE_MODULES = YES;
				CLANG_ENABLE_OBJC_ARC = YES;
				CLANG_ENABLE_OBJC_WEAK = YES;
				CLANG_WARN_BLOCK_CAPTURE_AUTORELEASING = YES;
				CLANG_WARN_BOOL_CONVERSION = YES;
				CLANG_WARN_COMMA = YES;
				CLANG_WARN_CONSTANT_CONVERSION = YES;
				CLANG_WARN_DEPRECATED_OBJC_IMPLEMENTATIONS = YES;
				CLANG_WARN_DIRECT_OBJC_ISA_USAGE = YES_ERROR;
				CLANG_WARN_DOCUMENTATION_COMMENTS = YES;
				CLANG_WARN_EMPTY_BODY = YES;
				CLANG_WARN_ENUM_CONVERSION = YES;
				CLANG_WARN_INFINITE_RECURSION = YES;
				CLANG_WARN_INT_CONVERSION = YES;
				CLANG_WARN_NON_LITERAL_NULL_CONVERSION = YES;
				CLANG_WARN_OBJC_IMPLICIT_RETAIN_SELF = YES;
				CLANG_WARN_OBJC_LITERAL_CONVERSION = YES;
				CLANG_WARN_OBJC_ROOT_CLASS = YES_ERROR;
				CLANG_WARN_QUOTED_INCLUDE_IN_FRAMEWORK_HEADER = YES;
				CLANG_WARN_RANGE_LOOP_ANALYSIS = YES;
				CLANG_WARN_STRICT_PROTOTYPES = YES;
				CLANG_WARN_SUSPICIOUS_MOVE = YES;
				CLANG_WARN_UNGUARDED_AVAILABILITY = YES_AGGRESSIVE;
				CLANG_WARN_UNREACHABLE_CODE = YES;
				CLANG_WARN__DUPLICATE_METHOD_MATCH = YES;
				COPY_PHASE_STRIP = NO;
				DEBUG_INFORMATION_FORMAT = "dwarf-with-dsym";
				ENABLE_NS_ASSERTIONS = NO;
				ENABLE_STRICT_OBJC_MSGSEND = YES;
				GCC_C_LANGUAGE_STANDARD = gnu11;
				GCC_NO_COMMON_BLOCKS = YES;
				GCC_WARN_64_TO_32_BIT_CONVERSION = YES;
				GCC_WARN_ABOUT_RETURN_TYPE = YES_ERROR;
				GCC_WARN_UNDECLARED_SELECTOR = YES;
				GCC_WARN_UNINITIALIZED_AUTOS = YES_AGGRESSIVE;
				GCC_WARN_UNUSED_FUNCTION = YES;
				GCC_WARN_UNUSED_VARIABLE = YES;
				MACOSX_DEPLOYMENT_TARGET = 12.3;
				MTL_ENABLE_DEBUG_INFO = NO;
				MTL_FAST_MATH = YES;
				SDKROOT = macosx;
			};
			name = Release;
		};
		49451D86284509E500158C6D /* Debug */ = {
			isa = XCBuildConfiguration;
			buildSettings = {
				CODE_SIGN_STYLE = Automatic;
				GCC_NO_COMMON_BLOCKS = YES;
				PRODUCT_NAME = "$(TARGET_NAME)";
			};
			name = Debug;
		};
		49451D87284509E500158C6D /* Release */ = {
			isa = XCBuildConfiguration;
			buildSettings = {
				CODE_SIGN_STYLE = Automatic;
				GCC_NO_COMMON_BLOCKS = YES;
				PRODUCT_NAME = "$(TARGET_NAME)";
			};
			name = Release;
		};
/* End XCBuildConfiguration section */

/* Begin XCConfigurationList section */
		49451D79284509E500158C6D /* Build configuration list for PBXProject "ARACNe3" */ = {
			isa = XCConfigurationList;
			buildConfigurations = (
				49451D83284509E500158C6D /* Debug */,
				49451D84284509E500158C6D /* Release */,
			);
			defaultConfigurationIsVisible = 0;
			defaultConfigurationName = Debug;
		};
		49451D85284509E500158C6D /* Build configuration list for PBXNativeTarget "ARACNe3" */ = {
			isa = XCConfigurationList;
			buildConfigurations = (
				49451D86284509E500158C6D /* Debug */,
				49451D87284509E500158C6D /* Release */,
			);
			defaultConfigurationIsVisible = 0;
			defaultConfigurationName = Debug;
		};
/* End XCConfigurationList section */
	};
	rootObject = 49451D76284509E500158C6D /* Project object */;
}
